{
  "name": "hai-browser-verifier",
  "version": "1.0.0",
  "lockfileVersion": 3,
  "requires": true,
  "packages": {
    "": {
      "name": "hai-browser-verifier",
      "version": "1.0.0",
      "dependencies": {
        "playwright": "1.60.0"
      }
    },
    "node_modules/playwright": {
      "version": "1.60.0",
      "resolved": "https://registry.npmjs.org/playwright/-/playwright-1.60.0.tgz",
      "integrity": "sha512-0jP5jBHbP4P2+NFY6RuYwTShcZ05eXJ6t2m8OxZDx7QQHm1v0c4a2tw/7eO1DDTOiZuQbJCDqO/vdQgH3uKp4A==",
      "dependencies": {
        "playwright-core": "1.60.0"
      },
      "bin": {
        "playwright": "cli.js"
      },
      "engines": {
        "node": ">=18"
      }
    },
    "node_modules/playwright-core": {
      "version": "1.60.0",
      "resolved": "https://registry.npmjs.org/playwright-core/-/playwright-core-1.60.0.tgz",
      "integrity": "sha512-yqK8HmQw2IeFZChL7uI5YD5uhUnhUVuWHvrQCoVtDnfwu0YtNtDPKLlYecX0D75sfYnrjW1wKj+KqHZrVtu1Xw==",
      "bin": {
        "playwright-core": "cli.js"
      },
      "engines": {
        "node": ">=18"
      }
    }
  }
}
